# THIS IS AN AUTOGENERATED FILE. DO NOT EDIT THIS FILE DIRECTLY.
# yarn lockfile v1


"@hapi/b64@4.x.x":
  version "4.2.1"
  resolved "https://registry.yarnpkg.com/@hapi/b64/-/b64-4.2.1.tgz#bf8418d7907c5e73463f2e3b5c6fca7e9f2a1357"
  integrity sha512-zqHpQuH5CBMw6hADzKfU/IGNrxq1Q+/wTYV+OiZRQN9F3tMyk+9BUMeBvFRMamduuqL8iSp62QAnJ+7ATiYLWA==
  dependencies:
    "@hapi/hoek" "8.x.x"

"@hapi/boom@7.x.x":
  version "7.4.11"
  resolved "https://registry.yarnpkg.com/@hapi/boom/-/boom-7.4.11.tgz#37af8417eb9416aef3367aa60fa04a1a9f1fc262"
  integrity sha512-VSU/Cnj1DXouukYxxkes4nNJonCnlogHvIff1v1RVoN4xzkKhMXX+GRmb3NyH1iar10I9WFPDv2JPwfH3GaV0A==
  dependencies:
    "@hapi/hoek" "8.x.x"

"@hapi/bourne@1.x.x":
  version "1.3.2"
  resolved "https://registry.yarnpkg.com/@hapi/bourne/-/bourne-1.3.2.tgz#0a7095adea067243ce3283e1b56b8a8f453b242a"
  integrity sha512-1dVNHT76Uu5N3eJNTYcvxee+jzX4Z9lfciqRRHCU27ihbUcYi+iSc2iml5Ke1LXe1SyJCLA0+14Jh4tXJgOppA==

"@hapi/cryptiles@4.x.x":
  version "4.2.1"
  resolved "https://registry.yarnpkg.com/@hapi/cryptiles/-/cryptiles-4.2.1.tgz#ff0f18d79074659838caedbb911851313ad1ffbc"
  integrity sha512-XoqgKsHK0l/VpqPs+tr6j6vE+VQ3+2bkF2stvttmc7xAOf1oSAwHcJ0tlp/6MxMysktt1IEY0Csy3khKaP9/uQ==
  dependencies:
    "@hapi/boom" "7.x.x"

"@hapi/hoek@8.x.x":
  version "8.5.0"
  resolved "https://registry.yarnpkg.com/@hapi/hoek/-/hoek-8.5.0.tgz#2f9ce301c8898e1c3248b0a8564696b24d1a9a5a"
  integrity sha512-7XYT10CZfPsH7j9F1Jmg1+d0ezOux2oM2GfArAzLwWe4mE2Dr3hVjsAL6+TFY49RRJlCdJDMw3nJsLFroTc8Kw==

"@hapi/iron@^5.1.4":
  version "5.1.4"
  resolved "https://registry.yarnpkg.com/@hapi/iron/-/iron-5.1.4.tgz#7406f36847f798f52b92d1d97f855e27973832b7"
  integrity sha512-+ElC+OCiwWLjlJBmm8ZEWjlfzTMQTdgPnU/TsoU5QsktspIWmWi9IU4kU83nH+X/SSya8TP8h8P11Wr5L7dkQQ==
  dependencies:
    "@hapi/b64" "4.x.x"
    "@hapi/boom" "7.x.x"
    "@hapi/bourne" "1.x.x"
    "@hapi/cryptiles" "4.x.x"
    "@hapi/hoek" "8.x.x"

"@now/node@^1.3.0":
  version "1.3.0"
  resolved "https://registry.yarnpkg.com/@now/node/-/node-1.3.0.tgz#9fe614114a4207600820d9c3398f51e7297c4d9b"
  integrity sha512-tkEKrxSh7XMx6HmN6j55HfuJKZ+DzlxWP0Xg728Oe2qXyxpvfDhQFYNyRzU7kN9UaGXJ+MAL5zQ8p3dqCQxMnA==
  dependencies:
    "@types/node" "*"

"@sindresorhus/is@^0.14.0":
  version "0.14.0"
  resolved "https://registry.yarnpkg.com/@sindresorhus/is/-/is-0.14.0.tgz#9fb3a3cf3132328151f353de4632e01e52102bea"
  integrity sha512-9NET910DNaIPngYnLLPeg+Ogzqsi9uM4mSboU5y6p8S5DzMTVEsJZrawi+BoDNUVBa2DhJqQYUFvMDfgU062LQ==

"@szmarczak/http-timer@^1.1.2":
  version "1.1.2"
  resolved "https://registry.yarnpkg.com/@szmarczak/http-timer/-/http-timer-1.1.2.tgz#b1665e2c461a2cd92f4c1bbf50d5454de0d4b421"
  integrity sha512-XIB2XbzHTN6ieIjfIMV9hlVcfPU26s2vafYWQcZHWXHOxiaRZYEDKEwdl129Zyg50+foYV2jCgtrqSA6qNuNSA==
  dependencies:
    defer-to-connect "^1.0.1"

"@types/cookie@^0.3.3":
  version "0.3.3"
  resolved "https://registry.yarnpkg.com/@types/cookie/-/cookie-0.3.3.tgz#85bc74ba782fb7aa3a514d11767832b0e3bc6803"
  integrity sha512-LKVP3cgXBT9RYj+t+9FDKwS5tdI+rPBXaNSkma7hvqy35lc7mAokC2zsqWJH0LaqIt3B962nuYI77hsJoT1gow==

"@types/got@^9.6.9":
  version "9.6.9"
  resolved "https://registry.yarnpkg.com/@types/got/-/got-9.6.9.tgz#b3192188b96c871b9c67dc80d1b0336441432a38"
  integrity sha512-w+ZE+Ovp6fM+1sHwJB7RN3f3pTJHZkyABuULqbtknqezQyWadFEp5BzOXaZzRqAw2md6/d3ybxQJt+BNgpvzOg==
  dependencies:
    "@types/node" "*"
    "@types/tough-cookie" "*"
    form-data "^2.5.0"

"@types/node@*", "@types/node@^12.12.21":
  version "12.12.21"
  resolved "https://registry.yarnpkg.com/@types/node/-/node-12.12.21.tgz#aa44a6363291c7037111c47e4661ad210aded23f"
  integrity sha512-8sRGhbpU+ck1n0PGAUgVrWrWdjSW2aqNeyC15W88GRsMpSwzv6RJGlLhE7s2RhVSOdyDmxbqlWSeThq4/7xqlA==

"@types/prop-types@*":
  version "15.7.3"
  resolved "https://registry.yarnpkg.com/@types/prop-types/-/prop-types-15.7.3.tgz#2ab0d5da2e5815f94b0b9d4b95d1e5f243ab2ca7"
  integrity sha512-KfRL3PuHmqQLOG+2tGpRO26Ctg+Cq1E01D2DMriKEATHgWLfeNDmq9e29Q9WIky0dQ3NPkd1mzYH8Lm936Z9qw==

"@types/react-dom@^16.9.4":
  version "16.9.4"
  resolved "https://registry.yarnpkg.com/@types/react-dom/-/react-dom-16.9.4.tgz#0b58df09a60961dcb77f62d4f1832427513420df"
  integrity sha512-fya9xteU/n90tda0s+FtN5Ym4tbgxpq/hb/Af24dvs6uYnYn+fspaxw5USlw0R8apDNwxsqumdRoCoKitckQqw==
  dependencies:
    "@types/react" "*"

"@types/react@*", "@types/react@^16.9.17":
  version "16.9.17"
  resolved "https://registry.yarnpkg.com/@types/react/-/react-16.9.17.tgz#58f0cc0e9ec2425d1441dd7b623421a867aa253e"
  integrity sha512-UP27In4fp4sWF5JgyV6pwVPAQM83Fj76JOcg02X5BZcpSu5Wx+fP9RMqc2v0ssBoQIFvD5JdKY41gjJJKmw6Bg==
  dependencies:
    "@types/prop-types" "*"
    csstype "^2.2.0"

"@types/tough-cookie@*":
  version "2.3.6"
  resolved "https://registry.yarnpkg.com/@types/tough-cookie/-/tough-cookie-2.3.6.tgz#c880579e087d7a0db13777ff8af689f4ffc7b0d5"
  integrity sha512-wHNBMnkoEBiRAd3s8KTKwIuO9biFtTf0LehITzBhSco+HQI0xkXZbLOD55SW3Aqw3oUkHstkm5SPv58yaAdFPQ==

aggregate-error@^3.0.0:
  version "3.0.1"
  resolved "https://registry.yarnpkg.com/aggregate-error/-/aggregate-error-3.0.1.tgz#db2fe7246e536f40d9b5442a39e117d7dd6a24e0"
  integrity sha512-quoaXsZ9/BLNae5yiNoUz+Nhkwz83GhWwtYFglcjEQB2NDHCIpApbqXxIFnm4Pq/Nvhrsq5sYJFyohrrxnTGAA==
  dependencies:
    clean-stack "^2.0.0"
    indent-string "^4.0.0"

asn1.js@^5.2.0:
  version "5.2.0"
  resolved "https://registry.yarnpkg.com/asn1.js/-/asn1.js-5.2.0.tgz#292c0357f26a47802ac9727e8772c09c7fc9bd85"
  integrity sha512-Q7hnYGGNYbcmGrCPulXfkEw7oW7qjWeM4ZTALmgpuIcZLxyqqKYWxCZg2UBm8bklrnB4m2mGyJPWfoktdORD8A==
  dependencies:
    bn.js "^4.0.0"
    inherits "^2.0.1"
    minimalistic-assert "^1.0.0"

asynckit@^0.4.0:
  version "0.4.0"
  resolved "https://registry.yarnpkg.com/asynckit/-/asynckit-0.4.0.tgz#c79ed97f7f34cb8f2ba1bc9790bcc366474b4b79"
  integrity sha1-x57Zf380y48robyXkLzDZkdLS3k=

base64url@^3.0.1:
  version "3.0.1"
  resolved "https://registry.yarnpkg.com/base64url/-/base64url-3.0.1.tgz#6399d572e2bc3f90a9a8b22d5dbb0a32d33f788d"
  integrity sha512-ir1UPr3dkwexU7FdV8qBBbNDRUhMmIekYMFZfi+C/sLNnRESKPl23nB9b2pltqfOQNnGzsDdId90AEtG5tCx4A==

bn.js@^4.0.0:
  version "4.11.8"
  resolved "https://registry.yarnpkg.com/bn.js/-/bn.js-4.11.8.tgz#2cde09eb5ee341f484746bb0309b3253b1b1442f"
  integrity sha512-ItfYfPLkWHUjckQCk8xC+LwxgK8NYcXywGigJgSwOP8Y2iyWT4f2vsZnoOXTTbo+o5yXmIUJ4gn5538SO5S3gA==

cacheable-request@^6.0.0:
  version "6.1.0"
  resolved "https://registry.yarnpkg.com/cacheable-request/-/cacheable-request-6.1.0.tgz#20ffb8bd162ba4be11e9567d823db651052ca912"
  integrity sha512-Oj3cAGPCqOZX7Rz64Uny2GYAZNliQSqfbePrgAQ1wKAihYmCUnraBtJtKcGR4xz7wF+LoJC+ssFZvv5BgF9Igg==
  dependencies:
    clone-response "^1.0.2"
    get-stream "^5.1.0"
    http-cache-semantics "^4.0.0"
    keyv "^3.0.0"
    lowercase-keys "^2.0.0"
    normalize-url "^4.1.0"
    responselike "^1.0.2"

clean-stack@^2.0.0:
  version "2.2.0"
  resolved "https://registry.yarnpkg.com/clean-stack/-/clean-stack-2.2.0.tgz#ee8472dbb129e727b31e8a10a427dee9dfe4008b"
  integrity sha512-4diC9HaTE+KRAMWhDhrGOECgWZxoevMc5TlkObMqNSsVU62PYzXZ/SMTjzyGAFF1YusgxGcSWTEXBhp0CPwQ1A==

clone-response@^1.0.2:
  version "1.0.2"
  resolved "https://registry.yarnpkg.com/clone-response/-/clone-response-1.0.2.tgz#d1dc973920314df67fbeb94223b4ee350239e96b"
  integrity sha1-0dyXOSAxTfZ/vrlCI7TuNQI56Ws=
  dependencies:
    mimic-response "^1.0.0"

combined-stream@^1.0.6:
  version "1.0.8"
  resolved "https://registry.yarnpkg.com/combined-stream/-/combined-stream-1.0.8.tgz#c3d45a8b34fd730631a110a8a2520682b31d5a7f"
  integrity sha512-FQN4MRfuJeHf7cBbBMJFXhKSDq+2kAArBlmRBvcvFE5BB1HZKXtSFASDhdlz9zOYwxh8lDdnvmMOe/+5cdoEdg==
  dependencies:
    delayed-stream "~1.0.0"

cookie@^0.4.0:
  version "0.4.0"
  resolved "https://registry.yarnpkg.com/cookie/-/cookie-0.4.0.tgz#beb437e7022b3b6d49019d088665303ebe9c14ba"
  integrity sha512-+Hp8fLp57wnUSt0tY0tHEXh4voZRDnoIrZPqlo3DPiI4y9lwg/jqx+1Om94/W6ZaPDOUbnjOt/99w66zk+l1Xg==

csstype@^2.2.0:
  version "2.6.8"
  resolved "https://registry.yarnpkg.com/csstype/-/csstype-2.6.8.tgz#0fb6fc2417ffd2816a418c9336da74d7f07db431"
  integrity sha512-msVS9qTuMT5zwAGCVm4mxfrZ18BNc6Csd0oJAtiFMZ1FAx1CCvy2+5MDmYoix63LM/6NDbNtodCiGYGmFgO0dA==

decompress-response@^3.3.0:
  version "3.3.0"
  resolved "https://registry.yarnpkg.com/decompress-response/-/decompress-response-3.3.0.tgz#80a4dd323748384bfa248083622aedec982adff3"
  integrity sha1-gKTdMjdIOEv6JICDYirt7Jgq3/M=
  dependencies:
    mimic-response "^1.0.0"

defer-to-connect@^1.0.1:
  version "1.1.1"
  resolved "https://registry.yarnpkg.com/defer-to-connect/-/defer-to-connect-1.1.1.tgz#88ae694b93f67b81815a2c8c769aef6574ac8f2f"
  integrity sha512-J7thop4u3mRTkYRQ+Vpfwy2G5Ehoy82I14+14W4YMDLKdWloI9gSzRbV30s/NckQGVJtPkWNcW4oMAUigTdqiQ==

delayed-stream@~1.0.0:
  version "1.0.0"
  resolved "https://registry.yarnpkg.com/delayed-stream/-/delayed-stream-1.0.0.tgz#df3ae199acadfb7d440aaae0b29e2272b24ec619"
  integrity sha1-3zrhmayt+31ECqrgsp4icrJOxhk=

duplexer3@^0.1.4:
  version "0.1.4"
  resolved "https://registry.yarnpkg.com/duplexer3/-/duplexer3-0.1.4.tgz#ee01dd1cac0ed3cbc7fdbea37dc0a8f1ce002ce2"
  integrity sha1-7gHdHKwO08vH/b6jfcCo8c4ALOI=

end-of-stream@^1.1.0:
  version "1.4.4"
  resolved "https://registry.yarnpkg.com/end-of-stream/-/end-of-stream-1.4.4.tgz#5ae64a5f45057baf3626ec14da0ca5e4b2431eb0"
  integrity sha512-+uw1inIHVPQoaVuHzRyXd21icM+cnt4CzD5rW+NC1wjOUSTOs+Te7FOv7AhN7vS9x/oIyhLP5PR1H+phQAHu5Q==
  dependencies:
    once "^1.4.0"

form-data@^2.5.0:
  version "2.5.1"
  resolved "https://registry.yarnpkg.com/form-data/-/form-data-2.5.1.tgz#f2cbec57b5e59e23716e128fe44d4e5dd23895f4"
  integrity sha512-m21N3WOmEEURgk6B9GLOE4RuWOFf28Lhh9qGYeNlGq4VDXUlJy2th2slBNU8Gp8EzloYZOibZJ7t5ecIrFSjVA==
  dependencies:
    asynckit "^0.4.0"
    combined-stream "^1.0.6"
    mime-types "^2.1.12"

get-stream@^4.1.0:
  version "4.1.0"
  resolved "https://registry.yarnpkg.com/get-stream/-/get-stream-4.1.0.tgz#c1b255575f3dc21d59bfc79cd3d2b46b1c3a54b5"
  integrity sha512-GMat4EJ5161kIy2HevLlr4luNjBgvmj413KaQA7jt4V8B4RDsfpHk7WQ9GVqfYyyx8OS/L66Kox+rJRNklLK7w==
  dependencies:
    pump "^3.0.0"

get-stream@^5.1.0:
  version "5.1.0"
  resolved "https://registry.yarnpkg.com/get-stream/-/get-stream-5.1.0.tgz#01203cdc92597f9b909067c3e656cc1f4d3c4dc9"
  integrity sha512-EXr1FOzrzTfGeL0gQdeFEvOMm2mzMOglyiOXSTpPC+iAjAKftbr3jpCMWynogwYnM+eSj9sHGc6wjIcDvYiygw==
  dependencies:
    pump "^3.0.0"

got@^9.6.0:
  version "9.6.0"
  resolved "https://registry.yarnpkg.com/got/-/got-9.6.0.tgz#edf45e7d67f99545705de1f7bbeeeb121765ed85"
  integrity sha512-R7eWptXuGYxwijs0eV+v3o6+XH1IqVK8dJOEecQfTmkncw9AV4dcw/Dhxi8MdlqPthxxpZyizMzyg8RTmEsG+Q==
  dependencies:
    "@sindresorhus/is" "^0.14.0"
    "@szmarczak/http-timer" "^1.1.2"
    cacheable-request "^6.0.0"
    decompress-response "^3.3.0"
    duplexer3 "^0.1.4"
    get-stream "^4.1.0"
    lowercase-keys "^1.0.1"
    mimic-response "^1.0.1"
    p-cancelable "^1.0.0"
    to-readable-stream "^1.0.0"
    url-parse-lax "^3.0.0"

http-cache-semantics@^4.0.0:
  version "4.0.3"
  resolved "https://registry.yarnpkg.com/http-cache-semantics/-/http-cache-semantics-4.0.3.tgz#495704773277eeef6e43f9ab2c2c7d259dda25c5"
  integrity sha512-TcIMG3qeVLgDr1TEd2XvHaTnMPwYQUQMIBLy+5pLSDKYFc7UIqj39w8EGzZkaxoLv/l2K8HaI0t5AVA+YYgUew==

indent-string@^4.0.0:
  version "4.0.0"
  resolved "https://registry.yarnpkg.com/indent-string/-/indent-string-4.0.0.tgz#624f8f4497d619b2d9768531d58f4122854d7251"
  integrity sha512-EdDDZu4A2OyIK7Lr/2zG+w5jmbuk1DVBnEwREQvBzspBJkCEbRa8GxU1lghYcaGJCnRWibjDXlq779X1/y5xwg==

inherits@^2.0.1:
  version "2.0.4"
  resolved "https://registry.yarnpkg.com/inherits/-/inherits-2.0.4.tgz#0fa2c64f932917c3433a0ded55363aae37416b7c"
  integrity sha512-k/vGaX4/Yla3WzyMCvTQOXYeIHvqOKtnqBduzTHpzpQZzAskKMhZ2K+EnBiSM9zGSoIFeMpXKxa4dYeZIQqewQ==

jose@^1.17.2:
  version "1.17.2"
  resolved "https://registry.yarnpkg.com/jose/-/jose-1.17.2.tgz#46155dfe31c8c6f3a75698978ccf86864afb1f30"
  integrity sha512-HYbLNZACDgH2duIHY21ZYXWCX50V0sHdcuvPMPCiDRbL9ukVSkOTFyJjPGsdieUIooEOHCjCM9wnT60ZrTYcoQ==
  dependencies:
    asn1.js "^5.2.0"

json-buffer@3.0.0:
  version "3.0.0"
  resolved "https://registry.yarnpkg.com/json-buffer/-/json-buffer-3.0.0.tgz#5b1f397afc75d677bde8bcfc0e47e1f9a3d9a898"
  integrity sha1-Wx85evx11ne96Lz8Dkfh+aPZqJg=

keyv@^3.0.0:
  version "3.1.0"
  resolved "https://registry.yarnpkg.com/keyv/-/keyv-3.1.0.tgz#ecc228486f69991e49e9476485a5be1e8fc5c4d9"
  integrity sha512-9ykJ/46SN/9KPM/sichzQ7OvXyGDYKGTaDlKMGCAlg2UK8KRy4jb0d8sFc+0Tt0YYnThq8X2RZgCg74RPxgcVA==
  dependencies:
    json-buffer "3.0.0"

lodash@^4.17.15:
  version "4.17.15"
  resolved "https://registry.yarnpkg.com/lodash/-/lodash-4.17.15.tgz#b447f6670a0455bbfeedd11392eff330ea097548"
  integrity sha512-8xOcRHvCjnocdS5cpwXQXVzmmh5e5+saE2QGoeQmbKmRS6J3VQppPOIt0MnmE+4xlZoumy0GPG0D0MVIQbNA1A==

lowercase-keys@^1.0.0, lowercase-keys@^1.0.1:
  version "1.0.1"
  resolved "https://registry.yarnpkg.com/lowercase-keys/-/lowercase-keys-1.0.1.tgz#6f9e30b47084d971a7c820ff15a6c5167b74c26f"
  integrity sha512-G2Lj61tXDnVFFOi8VZds+SoQjtQC3dgokKdDG2mTm1tx4m50NUHBOZSBwQQHyy0V12A0JTG4icfZQH+xPyh8VA==

lowercase-keys@^2.0.0:
  version "2.0.0"
  resolved "https://registry.yarnpkg.com/lowercase-keys/-/lowercase-keys-2.0.0.tgz#2603e78b7b4b0006cbca2fbcc8a3202558ac9479"
  integrity sha512-tqNXrS78oMOE73NMxK4EMLQsQowWf8jKooH9g7xPavRT706R6bkQJ6DY2Te7QukaZsulxa30wQ7bk0pm4XiHmA==

lru-cache@^5.1.1:
  version "5.1.1"
  resolved "https://registry.yarnpkg.com/lru-cache/-/lru-cache-5.1.1.tgz#1da27e6710271947695daf6848e847f01d84b920"
  integrity sha512-KpNARQA3Iwv+jTA0utUVVbrh+Jlrr1Fv0e56GGzAFOXN7dk/FviaDW8LHmK52DlcH4WP2n6gI8vN1aesBFgo9w==
  dependencies:
    yallist "^3.0.2"

make-error@^1.3.5:
  version "1.3.5"
  resolved "https://registry.yarnpkg.com/make-error/-/make-error-1.3.5.tgz#efe4e81f6db28cadd605c70f29c831b58ef776c8"
  integrity sha512-c3sIjNUow0+8swNwVpqoH4YCShKNFkMaw6oH1mNS2haDZQqkeZFlHS3dhoeEbKKmJB4vXpJucU6oH75aDYeE9g==

mime-db@1.42.0:
  version "1.42.0"
  resolved "https://registry.yarnpkg.com/mime-db/-/mime-db-1.42.0.tgz#3e252907b4c7adb906597b4b65636272cf9e7bac"
  integrity sha512-UbfJCR4UAVRNgMpfImz05smAXK7+c+ZntjaA26ANtkXLlOe947Aag5zdIcKQULAiF9Cq4WxBi9jUs5zkA84bYQ==

mime-types@^2.1.12:
  version "2.1.25"
  resolved "https://registry.yarnpkg.com/mime-types/-/mime-types-2.1.25.tgz#39772d46621f93e2a80a856c53b86a62156a6437"
  integrity sha512-5KhStqB5xpTAeGqKBAMgwaYMnQik7teQN4IAzC7npDv6kzeU6prfkR67bc87J1kWMPGkoaZSq1npmexMgkmEVg==
  dependencies:
    mime-db "1.42.0"

mimic-response@^1.0.0, mimic-response@^1.0.1:
  version "1.0.1"
  resolved "https://registry.yarnpkg.com/mimic-response/-/mimic-response-1.0.1.tgz#4923538878eef42063cb8a3e3b0798781487ab1b"
  integrity sha512-j5EctnkH7amfV/q5Hgmoal1g2QHFJRraOtmx0JpIqkxhBhI/lJSl1nMpQ45hVarwNETOoWEimndZ4QK0RHxuxQ==

minimalistic-assert@^1.0.0:
  version "1.0.1"
  resolved "https://registry.yarnpkg.com/minimalistic-assert/-/minimalistic-assert-1.0.1.tgz#2e194de044626d4a10e7f7fbc00ce73e83e4d5c7"
  integrity sha512-UtJcAD4yEaGtjPezWuO9wC4nwUnVH/8/Im3yEHQP4b67cXlD/Qr9hdITCU1xDbSEXg2XKNaP8jsReV7vQd00/A==

normalize-url@^4.1.0:
  version "4.5.0"
  resolved "https://registry.yarnpkg.com/normalize-url/-/normalize-url-4.5.0.tgz#453354087e6ca96957bd8f5baf753f5982142129"
  integrity sha512-2s47yzUxdexf1OhyRi4Em83iQk0aPvwTddtFz4hnSSw9dCEsLEGf6SwIO8ss/19S9iBb5sJaOuTvTGDeZI00BQ==

object-hash@^2.0.1:
  version "2.0.1"
  resolved "https://registry.yarnpkg.com/object-hash/-/object-hash-2.0.1.tgz#cef18a0c940cc60aa27965ecf49b782cbf101d96"
  integrity sha512-HgcGMooY4JC2PBt9sdUdJ6PMzpin+YtY3r/7wg0uTifP+HJWW8rammseSEHuyt0UeShI183UGssCJqm1bJR7QA==

oidc-token-hash@^5.0.0:
  version "5.0.0"
  resolved "https://registry.yarnpkg.com/oidc-token-hash/-/oidc-token-hash-5.0.0.tgz#acdfb1f4310f58e64d5d74a4e8671a426986e888"
  integrity sha512-8Yr4CZSv+Tn8ZkN3iN2i2w2G92mUKClp4z7EGUfdsERiYSbj7P4i/NHm72ft+aUdsiFx9UdIPSTwbyzQ6C4URg==

once@^1.3.1, once@^1.4.0:
  version "1.4.0"
  resolved "https://registry.yarnpkg.com/once/-/once-1.4.0.tgz#583b1aa775961d4b113ac17d9c50baef9dd76bd1"
  integrity sha1-WDsap3WWHUsROsF9nFC6753Xa9E=
  dependencies:
    wrappy "1"

openid-client@^3.9.2:
  version "3.9.2"
  resolved "https://registry.yarnpkg.com/openid-client/-/openid-client-3.9.2.tgz#d042f494a043d1855a7b22bde7e0039df5eae075"
  integrity sha512-EFysZbCyZeDIHtkx5wjFMxdFwhDtVQ0E5UbFIjOgGKoLHznUgN5XIl0EjwO5qmyrrZonDcwl4ohQtjmuA7Jvwg==
  dependencies:
    "@types/got" "^9.6.9"
    base64url "^3.0.1"
    got "^9.6.0"
    jose "^1.17.2"
    lodash "^4.17.15"
    lru-cache "^5.1.1"
    make-error "^1.3.5"
    object-hash "^2.0.1"
    oidc-token-hash "^5.0.0"
    p-any "^2.1.0"

ow@^0.15.0:
  version "0.15.0"
  resolved "https://registry.yarnpkg.com/ow/-/ow-0.15.0.tgz#0d928046989422d7b06f0d6f20017016a0373df5"
  integrity sha512-iHHqr8OXsZzBjUkOVxfSR8opBhEhdQUGE4mxZEWehQawHxhCcnnGXrfu6+HhLG3XTK+oHRD/dlfGwNdY9HTHxQ==
  dependencies:
    type-fest "^0.8.1"

p-any@^2.1.0:
  version "2.1.0"
  resolved "https://registry.yarnpkg.com/p-any/-/p-any-2.1.0.tgz#719489408e14f5f941a748f1e817f5c71cab35cb"
  integrity sha512-JAERcaMBLYKMq+voYw36+x5Dgh47+/o7yuv2oQYuSSUml4YeqJEFznBrY2UeEkoSHqBua6hz518n/PsowTYLLg==
  dependencies:
    p-cancelable "^2.0.0"
    p-some "^4.0.0"
    type-fest "^0.3.0"

p-cancelable@^1.0.0:
  version "1.1.0"
  resolved "https://registry.yarnpkg.com/p-cancelable/-/p-cancelable-1.1.0.tgz#d078d15a3af409220c886f1d9a0ca2e441ab26cc"
  integrity sha512-s73XxOZ4zpt1edZYZzvhqFa6uvQc1vwUa0K0BdtIZgQMAJj9IbebH+JkgKZc9h+B05PKHLOTl4ajG1BmNrVZlw==

p-cancelable@^2.0.0:
  version "2.0.0"
  resolved "https://registry.yarnpkg.com/p-cancelable/-/p-cancelable-2.0.0.tgz#4a3740f5bdaf5ed5d7c3e34882c6fb5d6b266a6e"
  integrity sha512-wvPXDmbMmu2ksjkB4Z3nZWTSkJEb9lqVdMaCKpZUGJG9TMiNp9XcbG3fn9fPKjem04fJMJnXoyFPk2FmgiaiNg==

p-some@^4.0.0:
  version "4.1.0"
  resolved "https://registry.yarnpkg.com/p-some/-/p-some-4.1.0.tgz#28e73bc1e0d62db54c2ed513acd03acba30d5c04"
  integrity sha512-MF/HIbq6GeBqTrTIl5OJubzkGU+qfFhAFi0gnTAK6rgEIJIknEiABHOTtQu4e6JiXjIwuMPMUFQzyHh5QjCl1g==
  dependencies:
    aggregate-error "^3.0.0"
    p-cancelable "^2.0.0"

prepend-http@^2.0.0:
  version "2.0.0"
  resolved "https://registry.yarnpkg.com/prepend-http/-/prepend-http-2.0.0.tgz#e92434bfa5ea8c19f41cdfd401d741a3c819d897"
  integrity sha1-6SQ0v6XqjBn0HN/UAddBo8gZ2Jc=

prettier@^1.19.1:
  version "1.19.1"
  resolved "https://registry.yarnpkg.com/prettier/-/prettier-1.19.1.tgz#f7d7f5ff8a9cd872a7be4ca142095956a60797cb"
  integrity sha512-s7PoyDv/II1ObgQunCbB9PdLmUcBZcnWOcxDh7O0N/UwDEsHyqkW+Qh28jW+mVuCdx7gLB0BotYI1Y6uI9iyew==

pump@^3.0.0:
  version "3.0.0"
  resolved "https://registry.yarnpkg.com/pump/-/pump-3.0.0.tgz#b4a2116815bde2f4e1ea602354e8c75565107a64"
  integrity sha512-LwZy+p3SFs1Pytd/jYct4wpv49HiYCqd9Rlc5ZVdk0V+8Yzv6jR5Blk3TRmPL1ft69TxP0IMZGJ+WPFU2BFhww==
  dependencies:
    end-of-stream "^1.1.0"
    once "^1.3.1"

responselike@^1.0.2:
  version "1.0.2"
  resolved "https://registry.yarnpkg.com/responselike/-/responselike-1.0.2.tgz#918720ef3b631c5642be068f15ade5a46f4ba1e7"
  integrity sha1-kYcg7ztjHFZCvgaPFa3lpG9Loec=
  dependencies:
    lowercase-keys "^1.0.0"

to-readable-stream@^1.0.0:
  version "1.0.0"
  resolved "https://registry.yarnpkg.com/to-readable-stream/-/to-readable-stream-1.0.0.tgz#ce0aa0c2f3df6adf852efb404a783e77c0475771"
  integrity sha512-Iq25XBt6zD5npPhlLVXGFN3/gyR2/qODcKNNyTMd4vbm39HUaOiAM4PMq0eMVC/Tkxz+Zjdsc55g9yyz+Yq00Q==

type-fest@^0.3.0:
  version "0.3.1"
  resolved "https://registry.yarnpkg.com/type-fest/-/type-fest-0.3.1.tgz#63d00d204e059474fe5e1b7c011112bbd1dc29e1"
  integrity sha512-cUGJnCdr4STbePCgqNFbpVNCepa+kAVohJs1sLhxzdH+gnEoOd8VhbYa7pD3zZYGiURWM2xzEII3fQcRizDkYQ==

type-fest@^0.8.1:
  version "0.8.1"
  resolved "https://registry.yarnpkg.com/type-fest/-/type-fest-0.8.1.tgz#09e249ebde851d3b1e48d27c105444667f17b83d"
  integrity sha512-4dbzIzqvjtgiM5rw1k5rEHtBANKmdudhGyBEajN01fEyhaAIhsoKNy6y7+IN93IfpFtwY9iqi7kD+xwKhQsNJA==

typescript@^3.7.4:
  version "3.7.4"
  resolved "https://registry.yarnpkg.com/typescript/-/typescript-3.7.4.tgz#1743a5ec5fef6a1fa9f3e4708e33c81c73876c19"
  integrity sha512-A25xv5XCtarLwXpcDNZzCGvW2D1S3/bACratYBx2sax8PefsFhlYmkQicKHvpYflFS8if4zne5zT5kpJ7pzuvw==

url-parse-lax@^3.0.0:
  version "3.0.0"
  resolved "https://registry.yarnpkg.com/url-parse-lax/-/url-parse-lax-3.0.0.tgz#16b5cafc07dbe3676c1b1999177823d6503acb0c"
  integrity sha1-FrXK/Afb42dsGxmZF3gj1lA6yww=
  dependencies:
    prepend-http "^2.0.0"

wrappy@1:
  version "1.0.2"
  resolved "https://registry.yarnpkg.com/wrappy/-/wrappy-1.0.2.tgz#b5243d8f3ec1aa35f1364605bc0d1036e30ab69f"
  integrity sha1-tSQ9jz7BqjXxNkYFvA0QNuMKtp8=

yallist@^3.0.2:
  version "3.1.1"
  resolved "https://registry.yarnpkg.com/yallist/-/yallist-3.1.1.tgz#dbb7daf9bfd8bac9ab45ebf602b8cbad0d5d08fd"
  integrity sha512-a4UGQaWPH59mOXUYnAG2ewncQS4i4F43Tv3JoAM+s2VDAmS9NsK8GpDMLrCHPksFT7h3K6TOoUNn2pb7RoXx4g==
